github.com/goburrow/modbus v0.1.0 h1:DejRZY73nEM6+bt5JSP6IsFolJ9dVcqxsYbpLbeW/ro=
github.com/goburrow/modbus v0.1.0/go.mod h1:Kx552D5rLIS8E7TyUwQ/UdHEqvX5T8tyiGBTlzMcZBg=
github.com/goburrow/serial v0.1.0 h1:v2T1SQa/dlUqQiYIT8+Cu7YolfqAi3K96UmhwYyuSrA=
github.com/goburrow/serial v0.1.0/go.mod h1:sAiqG0nRVswsm1C97xsttiYCzSLBmUZ/VSlVLZJ8haA=
github.com/gonuts/logger v0.0.0-20131130124048-193d8600fb59 h1:uPALzqn0fhp035HhjVs35TZb/fiufWtSvILPK+9i3OQ=
github.com/gonuts/logger v0.0.0-20131130124048-193d8600fb59/go.mod h1:P2KzK65mFIrvJc5HRcf1gfXO3/axCqZb8IUtj0EVM2A=
golang.org/x/net v0.0.0-20190301231341-16b79f2e4e95 h1:fY7Dsw114eJN4boqzVSbpVHO6rTdhq6/GnXeu+PKnzU=
golang.org/x/net v0.0.0-20190301231341-16b79f2e4e95/go.mod h1:mL1N/T3taQHkDXs73rZJwtUhF3w3ftmwwsq0BUmARs4=
nanomsg.org/go-mangos v1.4.0 h1:pVRLnzXePdSbhWlWdSncYszTagERhMG5zK/vXYmbEdM=
nanomsg.org/go-mangos v1.4.0/go.mod h1:MOor8xUIgwsRMPpLr9xQxe7bT7rciibScOqVyztNxHQ=
